<?xml version="1.0" encoding="utf-8"?>
<Project ToolsVersion="4.0" xmlns="http://schemas.microsoft.com/developer/msbuild/2003">
  <ItemGroup>
    <Filter Include="Source Files">
      <UniqueIdentifier>{4FC737F1-C7A5-4376-A066-2A32D752A2FF}</UniqueIdentifier>
      <Extensions>cpp;c;cc;cxx;def;odl;idl;hpj;bat;asm;asmx</Extensions>
    </Filter>
    <Filter Include="Header Files">
      <UniqueIdentifier>{93995380-89BD-4b04-88EB-625FBE52EBFB}</UniqueIdentifier>
      <Extensions>h;hh;hpp;hxx;hm;inl;inc;xsd</Extensions>
    </Filter>
    <Filter Include="Resource Files">
      <UniqueIdentifier>{67DA6AB6-F800-4c08-8B7A-83BB121AAD01}</UniqueIdentifier>
      <Extensions>rc;ico;cur;bmp;dlg;rc2;rct;bin;rgs;gif;jpg;jpeg;jpe;resx;tiff;tif;png;wav;mfcribbon-ms</Extensions>
    </Filter>
    <Filter Include="Players">
      <UniqueIdentifier>{64c121e8-e28e-4af2-ac12-c5639529e52c}</UniqueIdentifier>
    </Filter>
  </ItemGroup>
  <ItemGroup>
    <ClCompile Include="main.cpp">
      <Filter>Source Files</Filter>
    </ClCompile>
    <ClCompile Include="Node.cpp">
      <Filter>Source Files</Filter>
    </ClCompile>
    <ClCompile Include="Room.cpp">
      <Filter>Source Files</Filter>
    </ClCompile>
    <ClCompile Include="Point2D.cpp">
      <Filter>Source Files</Filter>
    </ClCompile>
    <ClCompile Include="CompareNodes.cpp">
      <Filter>Source Files</Filter>
    </ClCompile>
    <ClCompile Include="Bullet.cpp">
      <Filter>Source Files</Filter>
    </ClCompile>
    <ClCompile Include="Player.cpp">
      <Filter>Source Files</Filter>
    </ClCompile>
    <ClCompile Include="Team.cpp">
      <Filter>Source Files</Filter>
    </ClCompile>
    <ClCompile Include="Maze.cpp">
      <Filter>Source Files</Filter>
    </ClCompile>
    <ClCompile Include="GameMgr.cpp">
      <Filter>Source Files</Filter>
    </ClCompile>
    <ClCompile Include="Utils.cpp">
      <Filter>Source Files</Filter>
    </ClCompile>
    <ClCompile Include="PickupObject.cpp">
      <Filter>Source Files</Filter>
    </ClCompile>
    <ClCompile Include="Grenade.cpp">
      <Filter>Source Files</Filter>
    </ClCompile>
    <ClCompile Include="Sniper.cpp">
      <Filter>Players</Filter>
    </ClCompile>
    <ClCompile Include="Survivor.cpp">
      <Filter>Players</Filter>
    </ClCompile>
    <ClCompile Include="Grenadier.cpp">
      <Filter>Players</Filter>
    </ClCompile>
    <ClCompile Include="Berserker.cpp">
      <Filter>Players</Filter>
    </ClCompile>
  </ItemGroup>
  <ItemGroup>
    <ClInclude Include="Node.h">
      <Filter>Header Files</Filter>
    </ClInclude>
    <ClInclude Include="Room.h">
      <Filter>Header Files</Filter>
    </ClInclude>
    <ClInclude Include="Point2D.h">
      <Filter>Header Files</Filter>
    </ClInclude>
    <ClInclude Include="CompareNodes.h">
      <Filter>Header Files</Filter>
    </ClInclude>
    <ClInclude Include="Bullet.h">
      <Filter>Header Files</Filter>
    </ClInclude>
    <ClInclude Include="Player.h">
      <Filter>Header Files</Filter>
    </ClInclude>
    <ClInclude Include="Team.h">
      <Filter>Header Files</Filter>
    </ClInclude>
    <ClInclude Include="GameMgr.h">
      <Filter>Header Files</Filter>
    </ClInclude>
    <ClInclude Include="Maze.h">
      <Filter>Header Files</Filter>
    </ClInclude>
    <ClInclude Include="Utils.h">
      <Filter>Header Files</Filter>
    </ClInclude>
    <ClInclude Include="PickupObject.h">
      <Filter>Header Files</Filter>
    </ClInclude>
    <ClInclude Include="Grenade.h">
      <Filter>Header Files</Filter>
    </ClInclude>
    <ClInclude Include="Sniper.h">
      <Filter>Players</Filter>
    </ClInclude>
    <ClInclude Include="Survivor.h">
      <Filter>Players</Filter>
    </ClInclude>
    <ClInclude Include="Grenadier.h">
      <Filter>Players</Filter>
    </ClInclude>
    <ClInclude Include="Berserker.h">
      <Filter>Players</Filter>
    </ClInclude>
  </ItemGroup>
  <ItemGroup>
    <Media Include="Sounds\Shoot.wav">
      <Filter>Resource Files</Filter>
    </Media>
    <Media Include="Sounds\Stab.wav">
      <Filter>Resource Files</Filter>
    </Media>
    <Media Include="Sounds\Dying.wav">
      <Filter>Resource Files</Filter>
    </Media>
    <Media Include="Sounds\PinDrop.wav">
      <Filter>Resource Files</Filter>
    </Media>
    <Media Include="Sounds\Grenade.wav">
      <Filter>Resource Files</Filter>
    </Media>
    <Media Include="Sounds\Reload.wav">
      <Filter>Resource Files</Filter>
    </Media>
    <Media Include="Sounds\Heal.mp3">
      <Filter>Resource Files</Filter>
    </Media>
    <Media Include="Sounds\AtDoomsGate.wav">
      <Filter>Resource Files</Filter>
    </Media>
    <Media Include="Sounds\Win.wav">
      <Filter>Resource Files</Filter>
    </Media>
  </ItemGroup>
</Project>